// !$*UTF8*$!
{
	archiveVersion = 1;
	classes = {
	};
	objectVersion = 55;
	objects = {

/* Begin PBXBuildFile section */
		C4A0EA7E28D5FFF3001F13A2 /* AppDelegate.swift in Sources */ = {isa = PBXBuildFile; fileRef = C4A0EA7D28D5FFF3001F13A2 /* AppDelegate.swift */; };
		C4A0EA8028D5FFF3001F13A2 /* SceneDelegate.swift in Sources */ = {isa = PBXBuildFile; fileRef = C4A0EA7F28D5FFF3001F13A2 /* SceneDelegate.swift */; };
		C4A0EA8228D5FFF3001F13A2 /* ViewController.swift in Sources */ = {isa = PBXBuildFile; fileRef = C4A0EA8128D5FFF3001F13A2 /* ViewController.swift */; };
		C4A0EA8528D5FFF3001F13A2 /* Main.storyboard in Resources */ = {isa = PBXBuildFile; fileRef = C4A0EA8328D5FFF3001F13A2 /* Main.storyboard */; };
		C4A0EA8728D5FFF5001F13A2 /* Assets.xcassets in Resources */ = {isa = PBXBuildFile; fileRef = C4A0EA8628D5FFF5001F13A2 /* Assets.xcassets */; };
		C4A0EA8A28D5FFF5001F13A2 /* LaunchScreen.storyboard in Resources */ = {isa = PBXBuildFile; fileRef = C4A0EA8828D5FFF5001F13A2 /* LaunchScreen.storyboard */; };
		C4A0EA9228D608CC001F13A2 /* secondViewController.swift in Sources */ = {isa = PBXBuildFile; fileRef = C4A0EA9128D608CC001F13A2 /* secondViewController.swift */; };
		C4A0EA9628D61269001F13A2 /* view4ViewController.swift in Sources */ = {isa = PBXBuildFile; fileRef = C4A0EA9528D61269001F13A2 /* view4ViewController.swift */; };
		C4A0EA9828D612A0001F13A2 /* view4fViewController.swift in Sources */ = {isa = PBXBuildFile; fileRef = C4A0EA9728D612A0001F13A2 /* view4fViewController.swift */; };
/* End PBXBuildFile section */

/* Begin PBXFileReference section */
		C4A0EA7A28D5FFF3001F13A2 /* navegar.app */ = {isa = PBXFileReference; explicitFileType = wrapper.application; includeInIndex = 0; path = navegar.app; sourceTree = BUILT_PRODUCTS_DIR; };
		C4A0EA7D28D5FFF3001F13A2 /* AppDelegate.swift */ = {isa = PBXFileReference; lastKnownFileType = sourcecode.swift; path = AppDelegate.swift; sourceTree = "<group>"; };
		C4A0EA7F28D5FFF3001F13A2 /* SceneDelegate.swift */ = {isa = PBXFileReference; lastKnownFileType = sourcecode.swift; path = SceneDelegate.swift; sourceTree = "<group>"; };
		C4A0EA8128D5FFF3001F13A2 /* ViewController.swift */ = {isa = PBXFileReference; lastKnownFileType = sourcecode.swift; path = ViewController.swift; sourceTree = "<group>"; };
		C4A0EA8428D5FFF3001F13A2 /* Base */ = {isa = PBXFileReference; lastKnownFileType = file.storyboard; name = Base; path = Base.lproj/Main.storyboard; sourceTree = "<group>"; };
		C4A0EA8628D5FFF5001F13A2 /* Assets.xcassets */ = {isa = PBXFileReference; lastKnownFileType = folder.assetcatalog; path = Assets.xcassets; sourceTree = "<group>"; };
		C4A0EA8928D5FFF5001F13A2 /* Base */ = {isa = PBXFileReference; lastKnownFileType = file.storyboard; name = Base; path = Base.lproj/LaunchScreen.storyboard; sourceTree = "<group>"; };
		C4A0EA8B28D5FFF5001F13A2 /* Info.plist */ = {isa = PBXFileReference; lastKnownFileType = text.plist.xml; path = Info.plist; sourceTree = "<group>"; };
		C4A0EA9128D608CC001F13A2 /* secondViewController.swift */ = {isa = PBXFileReference; lastKnownFileType = sourcecode.swift; path = secondViewController.swift; sourceTree = "<group>"; };
		C4A0EA9528D61269001F13A2 /* view4ViewController.swift */ = {isa = PBXFileReference; lastKnownFileType = sourcecode.swift; path = view4ViewController.swift; sourceTree = "<group>"; };
		C4A0EA9728D612A0001F13A2 /* view4fViewController.swift */ = {isa = PBXFileReference; lastKnownFileType = sourcecode.swift; path = view4fViewController.swift; sourceTree = "<group>"; };
/* End PBXFileReference section */

/* Begin PBXFrameworksBuildPhase section */
		C4A0EA7728D5FFF3001F13A2 /* Frameworks */ = {
			isa = PBXFrameworksBuildPhase;
			buildActionMask = 2147483647;
			files = (
			);
			runOnlyForDeploymentPostprocessing = 0;
		};
/* End PBXFrameworksBuildPhase section */

/* Begin PBXGroup section */
		C4A0EA7128D5FFF3001F13A2 = {
			isa = PBXGroup;
			children = (
				C4A0EA7C28D5FFF3001F13A2 /* navegar */,
				C4A0EA7B28D5FFF3001F13A2 /* Products */,
			);
			sourceTree = "<group>";
		};
		C4A0EA7B28D5FFF3001F13A2 /* Products */ = {
			isa = PBXGroup;
			children = (
				C4A0EA7A28D5FFF3001F13A2 /* navegar.app */,
			);
			name = Products;
			sourceTree = "<group>";
		};
		C4A0EA7C28D5FFF3001F13A2 /* navegar */ = {
			isa = PBXGroup;
			children = (
				C4A0EA7D28D5FFF3001F13A2 /* AppDelegate.swift */,
				C4A0EA7F28D5FFF3001F13A2 /* SceneDelegate.swift */,
				C4A0EA8128D5FFF3001F13A2 /* ViewController.swift */,
				C4A0EA9128D608CC001F13A2 /* secondViewController.swift */,
				C4A0EA9728D612A0001F13A2 /* view4fViewController.swift */,
				C4A0EA8328D5FFF3001F13A2 /* Main.storyboard */,
				C4A0EA8628D5FFF5001F13A2 /* Assets.xcassets */,
				C4A0EA8828D5FFF5001F13A2 /* LaunchScreen.storyboard */,
				C4A0EA8B28D5FFF5001F13A2 /* Info.plist */,
				C4A0EA9528D61269001F13A2 /* view4ViewController.swift */,
			);
			path = navegar;
			sourceTree = "<group>";
		};
/* End PBXGroup section */

/* Begin PBXNativeTarget section */
		C4A0EA7928D5FFF3001F13A2 /* navegar */ = {
			isa = PBXNativeTarget;
			buildConfigurationList = C4A0EA8E28D5FFF5001F13A2 /* Build configuration list for PBXNativeTarget "navegar" */;
			buildPhases = (
				C4A0EA7628D5FFF3001F13A2 /* Sources */,
				C4A0EA7728D5FFF3001F13A2 /* Frameworks */,
				C4A0EA7828D5FFF3001F13A2 /* Resources */,
			);
			buildRules = (
			);
			dependencies = (
			);
			name = navegar;
			productName = navegar;
			productReference = C4A0EA7A28D5FFF3001F13A2 /* navegar.app */;
			productType = "com.apple.product-type.application";
		};
/* End PBXNativeTarget section */

/* Begin PBXProject section */
		C4A0EA7228D5FFF3001F13A2 /* Project object */ = {
			isa = PBXProject;
			attributes = {
				BuildIndependentTargetsInParallel = 1;
				LastSwiftUpdateCheck = 1340;
				LastUpgradeCheck = 1340;
				TargetAttributes = {
					C4A0EA7928D5FFF3001F13A2 = {
						CreatedOnToolsVersion = 13.4.1;
					};
				};
			};
			buildConfigurationList = C4A0EA7528D5FFF3001F13A2 /* Build configuration list for PBXProject "navegar" */;
			compatibilityVersion = "Xcode 13.0";
			developmentRegion = en;
			hasScannedForEncodings = 0;
			knownRegions = (
				en,
				Base,
			);
			mainGroup = C4A0EA7128D5FFF3001F13A2;
			productRefGroup = C4A0EA7B28D5FFF3001F13A2 /* Products */;
			projectDirPath = "";
			projectRoot = "";
			targets = (
				C4A0EA7928D5FFF3001F13A2 /* navegar */,
			);
		};
/* End PBXProject section */

/* Begin PBXResourcesBuildPhase section */
		C4A0EA7828D5FFF3001F13A2 /* Resources */ = {
			isa = PBXResourcesBuildPhase;
			buildActionMask = 2147483647;
			files = (
				C4A0EA8A28D5FFF5001F13A2 /* LaunchScreen.storyboard in Resources */,
				C4A0EA8728D5FFF5001F13A2 /* Assets.xcassets in Resources */,
				C4A0EA8528D5FFF3001F13A2 /* Main.storyboard in Resources */,
			);
			runOnlyForDeploymentPostprocessing = 0;
		};
/* End PBXResourcesBuildPhase section */

/* Begin PBXSourcesBuildPhase section */
		C4A0EA7628D5FFF3001F13A2 /* Sources */ = {
			isa = PBXSourcesBuildPhase;
			buildActionMask = 2147483647;
			files = (
				C4A0EA9228D608CC001F13A2 /* secondViewController.swift in Sources */,
				C4A0EA9828D612A0001F13A2 /* view4fViewController.swift in Sources */,
				C4A0EA9628D61269001F13A2 /* view4ViewController.swift in Sources */,
				C4A0EA8228D5FFF3001F13A2 /* ViewController.swift in Sources */,
				C4A0EA7E28D5FFF3001F13A2 /* AppDelegate.swift in Sources */,
				C4A0EA8028D5FFF3001F13A2 /* SceneDelegate.swift in Sources */,
			);
			runOnlyForDeploymentPostprocessing = 0;
		};
/* End PBXSourcesBuildPhase section */

/* Begin PBXVariantGroup section */
		C4A0EA8328D5FFF3001F13A2 /* Main.storyboard */ = {
			isa = PBXVariantGroup;
			children = (
				C4A0EA8428D5FFF3001F13A2 /* Base */,
			);
			name = Main.storyboard;
			sourceTree = "<group>";
		};
		C4A0EA8828D5FFF5001F13A2 /* LaunchScreen.storyboard */ = {
			isa = PBXVariantGroup;
			children = (
				C4A0EA8928D5FFF5001F13A2 /* Base */,
			);
			name = LaunchScreen.storyboard;
			sourceTree = "<group>";
		};
/* End PBXVariantGroup section */

/* Begin XCBuildConfiguration section */
		C4A0EA8C28D5FFF5001F13A2 /* Debug */ = {
			isa = XCBuildConfiguration;
			buildSettings = {
				ALWAYS_SEARCH_USER_PATHS = NO;
				CLANG_ANALYZER_NONNULL = YES;
				CLANG_ANALYZER_NUMBER_OBJECT_CONVERSION = YES_AGGRESSIVE;
				CLANG_CXX_LANGUAGE_STANDARD = "gnu++17";
				CLANG_ENABLE_MODULES = YES;
				CLANG_ENABLE_OBJC_ARC = YES;
				CLANG_ENABLE_OBJC_WEAK = YES;
				CLANG_WARN_BLOCK_CAPTURE_AUTORELEASING = YES;
				CLANG_WARN_BOOL_CONVERSION = YES;
				CLANG_WARN_COMMA = YES;
				CLANG_WARN_CONSTANT_CONVERSION = YES;
				CLANG_WARN_DEPRECATED_OBJC_IMPLEMENTATIONS = YES;
				CLANG_WARN_DIRECT_OBJC_ISA_USAGE = YES_ERROR;
				CLANG_WARN_DOCUMENTATION_COMMENTS = YES;
				CLANG_WARN_EMPTY_BODY = YES;
				CLANG_WARN_ENUM_CONVERSION = YES;
				CLANG_WARN_INFINITE_RECURSION = YES;
				CLANG_WARN_INT_CONVERSION = YES;
				CLANG_WARN_NON_LITERAL_NULL_CONVERSION = YES;
				CLANG_WARN_OBJC_IMPLICIT_RETAIN_SELF = YES;
				CLANG_WARN_OBJC_LITERAL_CONVERSION = YES;
				CLANG_WARN_OBJC_ROOT_CLASS = YES_ERROR;
				CLANG_WARN_QUOTED_INCLUDE_IN_FRAMEWORK_HEADER = YES;
				CLANG_WARN_RANGE_LOOP_ANALYSIS = YES;
				CLANG_WARN_STRICT_PROTOTYPES = YES;
				CLANG_WARN_SUSPICIOUS_MOVE = YES;
				CLANG_WARN_UNGUARDED_AVAILABILITY = YES_AGGRESSIVE;
				CLANG_WARN_UNREACHABLE_CODE = YES;
				CLANG_WARN__DUPLICATE_METHOD_MATCH = YES;
				COPY_PHASE_STRIP = NO;
				DEBUG_INFORMATION_FORMAT = dwarf;
				ENABLE_STRICT_OBJC_MSGSEND = YES;
				ENABLE_TESTABILITY = YES;
				GCC_C_LANGUAGE_STANDARD = gnu11;
				GCC_DYNAMIC_NO_PIC = NO;
				GCC_NO_COMMON_BLOCKS = YES;
				GCC_OPTIMIZATION_LEVEL = 0;
				GCC_PREPROCESSOR_DEFINITIONS = (
					"DEBUG=1",
					"$(inherited)",
				);
				GCC_WARN_64_TO_32_BIT_CONVERSION = YES;
				GCC_WARN_ABOUT_RETURN_TYPE = YES_ERROR;
				GCC_WARN_UNDECLARED_SELECTOR = YES;
				GCC_WARN_UNINITIALIZED_AUTOS = YES_AGGRESSIVE;
				GCC_WARN_UNUSED_FUNCTION = YES;
				GCC_WARN_UNUSED_VARIABLE = YES;
				IPHONEOS_DEPLOYMENT_TARGET = 15.5;
				MTL_ENABLE_DEBUG_INFO = INCLUDE_SOURCE;
				MTL_FAST_MATH = YES;
				ONLY_ACTIVE_ARCH = YES;
				SDKROOT = iphoneos;
				SWIFT_ACTIVE_COMPILATION_CONDITIONS = DEBUG;
				SWIFT_OPTIMIZATION_LEVEL = "-Onone";
			};
			name = Debug;
		};
		C4A0EA8D28D5FFF5001F13A2 /* Release */ = {
			isa = XCBuildConfiguration;
			buildSettings = {
				ALWAYS_SEARCH_USER_PATHS = NO;
				CLANG_ANALYZER_NONNULL = YES;
				CLANG_ANALYZER_NUMBER_OBJECT_CONVERSION = YES_AGGRESSIVE;
				CLANG_CXX_LANGUAGE_STANDARD = "gnu++17";
				CLANG_ENABLE_MODULES = YES;
				CLANG_ENABLE_OBJC_ARC = YES;
				CLANG_ENABLE_OBJC_WEAK = YES;
				CLANG_WARN_BLOCK_CAPTURE_AUTORELEASING = YES;
				CLANG_WARN_BOOL_CONVERSION = YES;
				CLANG_WARN_COMMA = YES;
				CLANG_WARN_CONSTANT_CONVERSION = YES;
				CLANG_WARN_DEPRECATED_OBJC_IMPLEMENTATIONS = YES;
				CLANG_WARN_DIRECT_OBJC_ISA_USAGE = YES_ERROR;
				CLANG_WARN_DOCUMENTATION_COMMENTS = YES;
				CLANG_WARN_EMPTY_BODY = YES;
				CLANG_WARN_ENUM_CONVERSION = YES;
				CLANG_WARN_INFINITE_RECURSION = YES;
				CLANG_WARN_INT_CONVERSION = YES;
				CLANG_WARN_NON_LITERAL_NULL_CONVERSION = YES;
				CLANG_WARN_OBJC_IMPLICIT_RETAIN_SELF = YES;
				CLANG_WARN_OBJC_LITERAL_CONVERSION = YES;
				CLANG_WARN_OBJC_ROOT_CLASS = YES_ERROR;
				CLANG_WARN_QUOTED_INCLUDE_IN_FRAMEWORK_HEADER = YES;
				CLANG_WARN_RANGE_LOOP_ANALYSIS = YES;
				CLANG_WARN_STRICT_PROTOTYPES = YES;
				CLANG_WARN_SUSPICIOUS_MOVE = YES;
				CLANG_WARN_UNGUARDED_AVAILABILITY = YES_AGGRESSIVE;
				CLANG_WARN_UNREACHABLE_CODE = YES;
				CLANG_WARN__DUPLICATE_METHOD_MATCH = YES;
				COPY_PHASE_STRIP = NO;
				DEBUG_INFORMATION_FORMAT = "dwarf-with-dsym";
				ENABLE_NS_ASSERTIONS = NO;
				ENABLE_STRICT_OBJC_MSGSEND = YES;
				GCC_C_LANGUAGE_STANDARD = gnu11;
				GCC_NO_COMMON_BLOCKS = YES;
				GCC_WARN_64_TO_32_BIT_CONVERSION = YES;
				GCC_WARN_ABOUT_RETURN_TYPE = YES_ERROR;
				GCC_WARN_UNDECLARED_SELECTOR = YES;
				GCC_WARN_UNINITIALIZED_AUTOS = YES_AGGRESSIVE;
				GCC_WARN_UNUSED_FUNCTION = YES;
				GCC_WARN_UNUSED_VARIABLE = YES;
				IPHONEOS_DEPLOYMENT_TARGET = 15.5;
				MTL_ENABLE_DEBUG_INFO = NO;
				MTL_FAST_MATH = YES;
				SDKROOT = iphoneos;
				SWIFT_COMPILATION_MODE = wholemodule;
				SWIFT_OPTIMIZATION_LEVEL = "-O";
				VALIDATE_PRODUCT = YES;
			};
			name = Release;
		};
		C4A0EA8F28D5FFF5001F13A2 /* Debug */ = {
			isa = XCBuildConfiguration;
			buildSettings = {
				ASSETCATALOG_COMPILER_APPICON_NAME = AppIcon;
				ASSETCATALOG_COMPILER_GLOBAL_ACCENT_COLOR_NAME = AccentColor;
				CODE_SIGN_STYLE = Automatic;
				CURRENT_PROJECT_VERSION = 1;
				GENERATE_INFOPLIST_FILE = YES;
				INFOPLIST_FILE = navegar/Info.plist;
				INFOPLIST_KEY_UIApplicationSupportsIndirectInputEvents = YES;
				INFOPLIST_KEY_UILaunchStoryboardName = LaunchScreen;
				INFOPLIST_KEY_UIMainStoryboardFile = Main;
				INFOPLIST_KEY_UISupportedInterfaceOrientations = UIInterfaceOrientationPortrait;
				INFOPLIST_KEY_UISupportedInterfaceOrientations_iPad = "UIInterfaceOrientationPortrait UIInterfaceOrientationPortraitUpsideDown UIInterfaceOrientationLandscapeLeft UIInterfaceOrientationLandscapeRight";
				INFOPLIST_KEY_UISupportedInterfaceOrientations_iPhone = "UIInterfaceOrientationPortrait UIInterfaceOrientationLandscapeLeft UIInterfaceOrientationLandscapeRight";
				LD_RUNPATH_SEARCH_PATHS = (
					"$(inherited)",
					"@executable_path/Frameworks",
				);
				MARKETING_VERSION = 1.0;
				PRODUCT_BUNDLE_IDENTIFIER = com.LordPinguim.navegar;
				PRODUCT_NAME = "$(TARGET_NAME)";
				SWIFT_EMIT_LOC_STRINGS = YES;
				SWIFT_VERSION = 5.0;
				TARGETED_DEVICE_FAMILY = "1,2";
			};
			name = Debug;
		};
		C4A0EA9028D5FFF5001F13A2 /* Release */ = {
			isa = XCBuildConfiguration;
			buildSettings = {
				ASSETCATALOG_COMPILER_APPICON_NAME = AppIcon;
				ASSETCATALOG_COMPILER_GLOBAL_ACCENT_COLOR_NAME = AccentColor;
				CODE_SIGN_STYLE = Automatic;
				CURRENT_PROJECT_VERSION = 1;
				GENERATE_INFOPLIST_FILE = YES;
				INFOPLIST_FILE = navegar/Info.plist;
				INFOPLIST_KEY_UIApplicationSupportsIndirectInputEvents = YES;
				INFOPLIST_KEY_UILaunchStoryboardName = LaunchScreen;
				INFOPLIST_KEY_UIMainStoryboardFile = Main;
				INFOPLIST_KEY_UISupportedInterfaceOrientations = UIInterfaceOrientationPortrait;
				INFOPLIST_KEY_UISupportedInterfaceOrientations_iPad = "UIInterfaceOrientationPortrait UIInterfaceOrientationPortraitUpsideDown UIInterfaceOrientationLandscapeLeft UIInterfaceOrientationLandscapeRight";
				INFOPLIST_KEY_UISupportedInterfaceOrientations_iPhone = "UIInterfaceOrientationPortrait UIInterfaceOrientationLandscapeLeft UIInterfaceOrientationLandscapeRight";
				LD_RUNPATH_SEARCH_PATHS = (
					"$(inherited)",
					"@executable_path/Frameworks",
				);
				MARKETING_VERSION = 1.0;
				PRODUCT_BUNDLE_IDENTIFIER = com.LordPinguim.navegar;
				PRODUCT_NAME = "$(TARGET_NAME)";
				SWIFT_EMIT_LOC_STRINGS = YES;
				SWIFT_VERSION = 5.0;
				TARGETED_DEVICE_FAMILY = "1,2";
			};
			name = Release;
		};
/* End XCBuildConfiguration section */

/* Begin XCConfigurationList section */
		C4A0EA7528D5FFF3001F13A2 /* Build configuration list for PBXProject "navegar" */ = {
			isa = XCConfigurationList;
			buildConfigurations = (
				C4A0EA8C28D5FFF5001F13A2 /* Debug */,
				C4A0EA8D28D5FFF5001F13A2 /* Release */,
			);
			defaultConfigurationIsVisible = 0;
			defaultConfigurationName = Release;
		};
		C4A0EA8E28D5FFF5001F13A2 /* Build configuration list for PBXNativeTarget "navegar" */ = {
			isa = XCConfigurationList;
			buildConfigurations = (
				C4A0EA8F28D5FFF5001F13A2 /* Debug */,
				C4A0EA9028D5FFF5001F13A2 /* Release */,
			);
			defaultConfigurationIsVisible = 0;
			defaultConfigurationName = Release;
		};
/* End XCConfigurationList section */
	};
	rootObject = C4A0EA7228D5FFF3001F13A2 /* Project object */;
}
